{
  "name": "nxtsecure-openclaw",
  "version": "0.1.3",
  "lockfileVersion": 3,
  "requires": true,
  "packages": {
    "": {
      "name": "nxtsecure-openclaw",
      "version": "0.1.3",
      "license": "MIT",
      "bin": {
        "nxtsecure": "bin/nxtsecure.mjs"
      },
      "engines": {
        "node": ">=18"
      }
    }
  }
}
